
Microsoft Visual Studio Solution File, Format Version 12.00
# Visual Studio Version 17
VisualStudioVersion = 17.5.2.0
MinimumVisualStudioVersion = 10.0.40219.1
Project("{FAE04EC0-301F-11D3-BF4B-00C04F79EFBC}") = "POE", "POE.csproj", "{79454968-32E6-6F57-397B-7F3864F1D38B}"
EndProject
Project("{FAE04EC0-301F-11D3-BF4B-00C04F79EFBC}") = "ICETask", "..\..\ICETask\ICETask.csproj", "{216DA58C-6BA9-4225-A82B-F601DA28A676}"
EndProject
Global
	GlobalSection(SolutionConfigurationPlatforms) = preSolution
		Debug|Any CPU = Debug|Any CPU
		Debug|x64 = Debug|x64
		Debug|x86 = Debug|x86
		Release|Any CPU = Release|Any CPU
		Release|x64 = Release|x64
		Release|x86 = Release|x86
	EndGlobalSection
	GlobalSection(ProjectConfigurationPlatforms) = postSolution
		{79454968-32E6-6F57-397B-7F3864F1D38B}.Debug|Any CPU.ActiveCfg = Debug|Any CPU
		{79454968-32E6-6F57-397B-7F3864F1D38B}.Debug|Any CPU.Build.0 = Debug|Any CPU
		{79454968-32E6-6F57-397B-7F3864F1D38B}.Debug|x64.ActiveCfg = Debug|Any CPU
		{79454968-32E6-6F57-397B-7F3864F1D38B}.Debug|x64.Build.0 = Debug|Any CPU
		{79454968-32E6-6F57-397B-7F3864F1D38B}.Debug|x86.ActiveCfg = Debug|Any CPU
		{79454968-32E6-6F57-397B-7F3864F1D38B}.Debug|x86.Build.0 = Debug|Any CPU
		{79454968-32E6-6F57-397B-7F3864F1D38B}.Release|Any CPU.ActiveCfg = Release|Any CPU
		{79454968-32E6-6F57-397B-7F3864F1D38B}.Release|Any CPU.Build.0 = Release|Any CPU
		{79454968-32E6-6F57-397B-7F3864F1D38B}.Release|x64.ActiveCfg = Release|Any CPU
		{79454968-32E6-6F57-397B-7F3864F1D38B}.Release|x64.Build.0 = Release|Any CPU
		{79454968-32E6-6F57-397B-7F3864F1D38B}.Release|x86.ActiveCfg = Release|Any CPU
		{79454968-32E6-6F57-397B-7F3864F1D38B}.Release|x86.Build.0 = Release|Any CPU
		{216DA58C-6BA9-4225-A82B-F601DA28A676}.Debug|Any CPU.ActiveCfg = Debug|Any CPU
		{216DA58C-6BA9-4225-A82B-F601DA28A676}.Debug|Any CPU.Build.0 = Debug|Any CPU
		{216DA58C-6BA9-4225-A82B-F601DA28A676}.Debug|x64.ActiveCfg = Debug|Any CPU
		{216DA58C-6BA9-4225-A82B-F601DA28A676}.Debug|x64.Build.0 = Debug|Any CPU
		{216DA58C-6BA9-4225-A82B-F601DA28A676}.Debug|x86.ActiveCfg = Debug|Any CPU
		{216DA58C-6BA9-4225-A82B-F601DA28A676}.Debug|x86.Build.0 = Debug|Any CPU
		{216DA58C-6BA9-4225-A82B-F601DA28A676}.Release|Any CPU.ActiveCfg = Release|Any CPU
		{216DA58C-6BA9-4225-A82B-F601DA28A676}.Release|Any CPU.Build.0 = Release|Any CPU
		{216DA58C-6BA9-4225-A82B-F601DA28A676}.Release|x64.ActiveCfg = Release|Any CPU
		{216DA58C-6BA9-4225-A82B-F601DA28A676}.Release|x64.Build.0 = Release|Any CPU
		{216DA58C-6BA9-4225-A82B-F601DA28A676}.Release|x86.ActiveCfg = Release|Any CPU
		{216DA58C-6BA9-4225-A82B-F601DA28A676}.Release|x86.Build.0 = Release|Any CPU
	EndGlobalSection
	GlobalSection(SolutionProperties) = preSolution
		HideSolutionNode = FALSE
	EndGlobalSection
	GlobalSection(ExtensibilityGlobals) = postSolution
		SolutionGuid = {34529AA7-1DAF-4D2B-A8D6-F32005E69375}
	EndGlobalSection
EndGlobal
